
Microsoft Visual Studio Solution File, Format Version 12.00
# Visual Studio Version 17
VisualStudioVersion = 17.1.32228.430
MinimumVisualStudioVersion = 10.0.40219.1
Project("{FAE04EC0-301F-11D3-BF4B-00C04F79EFBC}") = "Hangman", "Hangman\Hangman.csproj", "{6624DBE1-2552-44AF-ACE1-0277AABF039B}"
EndProject
Global
	GlobalSection(SolutionConfigurationPlatforms) = preSolution
		Debug|Any CPU = Debug|Any CPU
		Release|Any CPU = Release|Any CPU
	EndGlobalSection
	GlobalSection(ProjectConfigurationPlatforms) = postSolution
		{6624DBE1-2552-44AF-ACE1-0277AABF039B}.Debug|Any CPU.ActiveCfg = Debug|Any CPU
		{6624DBE1-2552-44AF-ACE1-0277AABF039B}.Debug|Any CPU.Build.0 = Debug|Any CPU
		{6624DBE1-2552-44AF-ACE1-0277AABF039B}.Release|Any CPU.ActiveCfg = Release|Any CPU
		{6624DBE1-2552-44AF-ACE1-0277AABF039B}.Release|Any CPU.Build.0 = Release|Any CPU
	EndGlobalSection
	GlobalSection(SolutionProperties) = preSolution
		HideSolutionNode = FALSE
	EndGlobalSection
	GlobalSection(ExtensibilityGlobals) = postSolution
		SolutionGuid = {A8962061-F916-4F13-BD54-A585C3C1C8F2}
	EndGlobalSection
EndGlobal
